
Microsoft Visual Studio Solution File, Format Version 12.00
# Visual Studio Version 16
VisualStudioVersion = 16.0.32126.315
MinimumVisualStudioVersion = 10.0.40219.1
Project("{FAE04EC0-301F-11D3-BF4B-00C04F79EFBC}") = "WebApplication1", "WebApplication1.csproj", "{449B97ED-C916-40C8-B0C0-A7FB46159D24}"
EndProject
Global
	GlobalSection(SolutionConfigurationPlatforms) = preSolution
		Debug|Any CPU = Debug|Any CPU
		Release|Any CPU = Release|Any CPU
	EndGlobalSection
	GlobalSection(ProjectConfigurationPlatforms) = postSolution
		{449B97ED-C916-40C8-B0C0-A7FB46159D24}.Debug|Any CPU.ActiveCfg = Debug|Any CPU
		{449B97ED-C916-40C8-B0C0-A7FB46159D24}.Debug|Any CPU.Build.0 = Debug|Any CPU
		{449B97ED-C916-40C8-B0C0-A7FB46159D24}.Release|Any CPU.ActiveCfg = Release|Any CPU
		{449B97ED-C916-40C8-B0C0-A7FB46159D24}.Release|Any CPU.Build.0 = Release|Any CPU
	EndGlobalSection
	GlobalSection(SolutionProperties) = preSolution
		HideSolutionNode = FALSE
	EndGlobalSection
	GlobalSection(ExtensibilityGlobals) = postSolution
		SolutionGuid = {770EA51F-58DF-40B6-8908-7F3317A392F9}
	EndGlobalSection
EndGlobal
